
Microsoft Visual Studio Solution File, Format Version 12.00
# Visual Studio 2013
VisualStudioVersion = 12.0.31101.0
MinimumVisualStudioVersion = 10.0.40219.1
Project("{FAE04EC0-301F-11D3-BF4B-00C04F79EFBC}") = "Crocomire", "Crocomire\Crocomire.csproj", "{93E56AEC-1B6E-4549-873A-3DECDE088161}"
EndProject
Project("{FAE04EC0-301F-11D3-BF4B-00C04F79EFBC}") = "SMLib", "SMLib\SMLib.csproj", "{5F88766F-2979-473B-8C80-8131CE872247}"
EndProject
Global
	GlobalSection(SolutionConfigurationPlatforms) = preSolution
		Debug|Any CPU = Debug|Any CPU
		Release|Any CPU = Release|Any CPU
	EndGlobalSection
	GlobalSection(ProjectConfigurationPlatforms) = postSolution
		{93E56AEC-1B6E-4549-873A-3DECDE088161}.Debug|Any CPU.ActiveCfg = Debug|Any CPU
		{93E56AEC-1B6E-4549-873A-3DECDE088161}.Debug|Any CPU.Build.0 = Debug|Any CPU
		{93E56AEC-1B6E-4549-873A-3DECDE088161}.Release|Any CPU.ActiveCfg = Release|Any CPU
		{93E56AEC-1B6E-4549-873A-3DECDE088161}.Release|Any CPU.Build.0 = Release|Any CPU
		{5F88766F-2979-473B-8C80-8131CE872247}.Debug|Any CPU.ActiveCfg = Debug|Any CPU
		{5F88766F-2979-473B-8C80-8131CE872247}.Debug|Any CPU.Build.0 = Debug|Any CPU
		{5F88766F-2979-473B-8C80-8131CE872247}.Release|Any CPU.ActiveCfg = Release|Any CPU
		{5F88766F-2979-473B-8C80-8131CE872247}.Release|Any CPU.Build.0 = Release|Any CPU
	EndGlobalSection
	GlobalSection(SolutionProperties) = preSolution
		HideSolutionNode = FALSE
	EndGlobalSection
EndGlobal
